
Microsoft Visual Studio Solution File, Format Version 12.00
# Visual Studio 15
Project("{FAE04EC0-301F-11D3-BF4B-00C04F79EFBC}") = "LeTai.TrueShadow", "LeTai.TrueShadow.csproj", "{3BFA6BC9-79A7-28D6-55B7-B108A46D33EC}"
EndProject
Project("{FAE04EC0-301F-11D3-BF4B-00C04F79EFBC}") = "Assembly-CSharp", "Assembly-CSharp.csproj", "{FF937142-7027-7205-9177-D9FCB4E3205D}"
EndProject
Project("{FAE04EC0-301F-11D3-BF4B-00C04F79EFBC}") = "Assembly-CSharp-firstpass", "Assembly-CSharp-firstpass.csproj", "{337DB624-7645-E4A9-5CC2-959DC248FA59}"
EndProject
Project("{FAE04EC0-301F-11D3-BF4B-00C04F79EFBC}") = "MoreMountains.Feedbacks", "MoreMountains.Feedbacks.csproj", "{A757DE56-2683-2E10-1EAB-3CC68803DAB4}"
EndProject
Project("{FAE04EC0-301F-11D3-BF4B-00C04F79EFBC}") = "MoreMountains.Tools", "MoreMountains.Tools.csproj", "{829C6507-F7C7-1857-9686-203AE1C61726}"
EndProject
Project("{FAE04EC0-301F-11D3-BF4B-00C04F79EFBC}") = "MoreMountains.Feedbacks.URP", "MoreMountains.Feedbacks.URP.csproj", "{631B21D3-F138-A1DC-9E88-299476E3696E}"
EndProject
Project("{FAE04EC0-301F-11D3-BF4B-00C04F79EFBC}") = "MoreMountains.Feedbacks.MMTools", "MoreMountains.Feedbacks.MMTools.csproj", "{AB3EE4CF-15E9-1E6A-E38D-2A0D23904714}"
EndProject
Project("{FAE04EC0-301F-11D3-BF4B-00C04F79EFBC}") = "MoreMountains.Feedbacks.NiceVibrations", "MoreMountains.Feedbacks.NiceVibrations.csproj", "{0A66713C-551C-86C2-C0B2-DFEE7C6236DB}"
EndProject
Project("{FAE04EC0-301F-11D3-BF4B-00C04F79EFBC}") = "MoreMountains.Feedbacks.PostProcessing", "MoreMountains.Feedbacks.PostProcessing.csproj", "{2E2AB0D0-30E4-6A0A-F499-1539D90543D4}"
EndProject
Project("{FAE04EC0-301F-11D3-BF4B-00C04F79EFBC}") = "MoreMountains.Feedbacks.HDRP", "MoreMountains.Feedbacks.HDRP.csproj", "{E09E2754-6B58-383F-D95C-52FC29A552DE}"
EndProject
Project("{FAE04EC0-301F-11D3-BF4B-00C04F79EFBC}") = "LeTai.TrueShadow.Demo", "LeTai.TrueShadow.Demo.csproj", "{EDE641AA-325F-1C11-900B-B19895B33FBF}"
EndProject
Project("{FAE04EC0-301F-11D3-BF4B-00C04F79EFBC}") = "MoreMountains.Feedbacks.TextMeshPro", "MoreMountains.Feedbacks.TextMeshPro.csproj", "{F91C753C-6261-3EC8-DB46-1ACDDCD67F1A}"
EndProject
Project("{FAE04EC0-301F-11D3-BF4B-00C04F79EFBC}") = "Lofelt.NiceVibrations", "Lofelt.NiceVibrations.csproj", "{8633AFC0-37F7-EC5D-DC5E-53DEB69E7464}"
EndProject
Project("{FAE04EC0-301F-11D3-BF4B-00C04F79EFBC}") = "Lofelt.NiceVibrations.Demo", "Lofelt.NiceVibrations.Demo.csproj", "{F332F704-D488-D358-14C2-6EC9866EA4FB}"
EndProject
Project("{FAE04EC0-301F-11D3-BF4B-00C04F79EFBC}") = "AllIn1SpriteShaderAssembly", "AllIn1SpriteShaderAssembly.csproj", "{C547F914-966A-7D69-43F5-B6055F4CB0DF}"
EndProject
Project("{FAE04EC0-301F-11D3-BF4B-00C04F79EFBC}") = "MoreMountains.Feedbacks.Cinemachine", "MoreMountains.Feedbacks.Cinemachine.csproj", "{CAF1CDF7-A2CD-81F5-10F8-07C2BE0E88E3}"
EndProject
Project("{FAE04EC0-301F-11D3-BF4B-00C04F79EFBC}") = "MoreMountains.Feedbacks.Authorizations", "MoreMountains.Feedbacks.Authorizations.csproj", "{FF2B736E-4091-4EF5-0096-28EA14B5B030}"
EndProject
Project("{FAE04EC0-301F-11D3-BF4B-00C04F79EFBC}") = "MoreMountains.Tools.Editor", "MoreMountains.Tools.Editor.csproj", "{11BF3588-EE3D-A61D-FE35-2DBA756373ED}"
EndProject
Project("{FAE04EC0-301F-11D3-BF4B-00C04F79EFBC}") = "LeTai.TrueShadow.Editor", "LeTai.TrueShadow.Editor.csproj", "{4BF5D446-FDC4-E6C6-2637-D3CCDFE712F6}"
EndProject
Project("{FAE04EC0-301F-11D3-BF4B-00C04F79EFBC}") = "Assembly-CSharp-Editor", "Assembly-CSharp-Editor.csproj", "{73901B7C-BAF0-12A4-0B34-7021E7708652}"
EndProject
Project("{FAE04EC0-301F-11D3-BF4B-00C04F79EFBC}") = "MoreMountains.Feedbacks.Editor", "MoreMountains.Feedbacks.Editor.csproj", "{E70F80BA-206E-1411-852C-719417198096}"
EndProject
Project("{FAE04EC0-301F-11D3-BF4B-00C04F79EFBC}") = "Assembly-CSharp-Editor-firstpass", "Assembly-CSharp-Editor-firstpass.csproj", "{2D5124ED-5475-80F7-76CF-8CCE9730F570}"
EndProject
Project("{FAE04EC0-301F-11D3-BF4B-00C04F79EFBC}") = "Sirenix.OdinInspector.Modules.UnityMathematics", "Sirenix.OdinInspector.Modules.UnityMathematics.csproj", "{3943540D-04B9-91A4-8955-DAEFD813F1DA}"
EndProject
Project("{FAE04EC0-301F-11D3-BF4B-00C04F79EFBC}") = "Lofelt.NiceVibrations.Editor", "Lofelt.NiceVibrations.Editor.csproj", "{1B91F950-1274-12B5-19B0-7625EF508DB1}"
EndProject
Global
	GlobalSection(SolutionConfigurationPlatforms) = preSolution
		Debug|Any CPU = Debug|Any CPU
		Release|Any CPU = Release|Any CPU
	EndGlobalSection
	GlobalSection(ProjectConfigurationPlatforms) = postSolution
		{3BFA6BC9-79A7-28D6-55B7-B108A46D33EC}.Debug|Any CPU.ActiveCfg = Debug|Any CPU
		{3BFA6BC9-79A7-28D6-55B7-B108A46D33EC}.Debug|Any CPU.Build.0 = Debug|Any CPU
		{3BFA6BC9-79A7-28D6-55B7-B108A46D33EC}.Release|Any CPU.ActiveCfg = Release|Any CPU
		{3BFA6BC9-79A7-28D6-55B7-B108A46D33EC}.Release|Any CPU.Build.0 = Release|Any CPU
		{FF937142-7027-7205-9177-D9FCB4E3205D}.Debug|Any CPU.ActiveCfg = Debug|Any CPU
		{FF937142-7027-7205-9177-D9FCB4E3205D}.Debug|Any CPU.Build.0 = Debug|Any CPU
		{FF937142-7027-7205-9177-D9FCB4E3205D}.Release|Any CPU.ActiveCfg = Release|Any CPU
		{FF937142-7027-7205-9177-D9FCB4E3205D}.Release|Any CPU.Build.0 = Release|Any CPU
		{337DB624-7645-E4A9-5CC2-959DC248FA59}.Debug|Any CPU.ActiveCfg = Debug|Any CPU
		{337DB624-7645-E4A9-5CC2-959DC248FA59}.Debug|Any CPU.Build.0 = Debug|Any CPU
		{337DB624-7645-E4A9-5CC2-959DC248FA59}.Release|Any CPU.ActiveCfg = Release|Any CPU
		{337DB624-7645-E4A9-5CC2-959DC248FA59}.Release|Any CPU.Build.0 = Release|Any CPU
		{A757DE56-2683-2E10-1EAB-3CC68803DAB4}.Debug|Any CPU.ActiveCfg = Debug|Any CPU
		{A757DE56-2683-2E10-1EAB-3CC68803DAB4}.Debug|Any CPU.Build.0 = Debug|Any CPU
		{A757DE56-2683-2E10-1EAB-3CC68803DAB4}.Release|Any CPU.ActiveCfg = Release|Any CPU
		{A757DE56-2683-2E10-1EAB-3CC68803DAB4}.Release|Any CPU.Build.0 = Release|Any CPU
		{829C6507-F7C7-1857-9686-203AE1C61726}.Debug|Any CPU.ActiveCfg = Debug|Any CPU
		{829C6507-F7C7-1857-9686-203AE1C61726}.Debug|Any CPU.Build.0 = Debug|Any CPU
		{829C6507-F7C7-1857-9686-203AE1C61726}.Release|Any CPU.ActiveCfg = Release|Any CPU
		{829C6507-F7C7-1857-9686-203AE1C61726}.Release|Any CPU.Build.0 = Release|Any CPU
		{631B21D3-F138-A1DC-9E88-299476E3696E}.Debug|Any CPU.ActiveCfg = Debug|Any CPU
		{631B21D3-F138-A1DC-9E88-299476E3696E}.Debug|Any CPU.Build.0 = Debug|Any CPU
		{631B21D3-F138-A1DC-9E88-299476E3696E}.Release|Any CPU.ActiveCfg = Release|Any CPU
		{631B21D3-F138-A1DC-9E88-299476E3696E}.Release|Any CPU.Build.0 = Release|Any CPU
		{AB3EE4CF-15E9-1E6A-E38D-2A0D23904714}.Debug|Any CPU.ActiveCfg = Debug|Any CPU
		{AB3EE4CF-15E9-1E6A-E38D-2A0D23904714}.Debug|Any CPU.Build.0 = Debug|Any CPU
		{AB3EE4CF-15E9-1E6A-E38D-2A0D23904714}.Release|Any CPU.ActiveCfg = Release|Any CPU
		{AB3EE4CF-15E9-1E6A-E38D-2A0D23904714}.Release|Any CPU.Build.0 = Release|Any CPU
		{0A66713C-551C-86C2-C0B2-DFEE7C6236DB}.Debug|Any CPU.ActiveCfg = Debug|Any CPU
		{0A66713C-551C-86C2-C0B2-DFEE7C6236DB}.Debug|Any CPU.Build.0 = Debug|Any CPU
		{0A66713C-551C-86C2-C0B2-DFEE7C6236DB}.Release|Any CPU.ActiveCfg = Release|Any CPU
		{0A66713C-551C-86C2-C0B2-DFEE7C6236DB}.Release|Any CPU.Build.0 = Release|Any CPU
		{2E2AB0D0-30E4-6A0A-F499-1539D90543D4}.Debug|Any CPU.ActiveCfg = Debug|Any CPU
		{2E2AB0D0-30E4-6A0A-F499-1539D90543D4}.Debug|Any CPU.Build.0 = Debug|Any CPU
		{2E2AB0D0-30E4-6A0A-F499-1539D90543D4}.Release|Any CPU.ActiveCfg = Release|Any CPU
		{2E2AB0D0-30E4-6A0A-F499-1539D90543D4}.Release|Any CPU.Build.0 = Release|Any CPU
		{E09E2754-6B58-383F-D95C-52FC29A552DE}.Debug|Any CPU.ActiveCfg = Debug|Any CPU
		{E09E2754-6B58-383F-D95C-52FC29A552DE}.Debug|Any CPU.Build.0 = Debug|Any CPU
		{E09E2754-6B58-383F-D95C-52FC29A552DE}.Release|Any CPU.ActiveCfg = Release|Any CPU
		{E09E2754-6B58-383F-D95C-52FC29A552DE}.Release|Any CPU.Build.0 = Release|Any CPU
		{EDE641AA-325F-1C11-900B-B19895B33FBF}.Debug|Any CPU.ActiveCfg = Debug|Any CPU
		{EDE641AA-325F-1C11-900B-B19895B33FBF}.Debug|Any CPU.Build.0 = Debug|Any CPU
		{EDE641AA-325F-1C11-900B-B19895B33FBF}.Release|Any CPU.ActiveCfg = Release|Any CPU
		{EDE641AA-325F-1C11-900B-B19895B33FBF}.Release|Any CPU.Build.0 = Release|Any CPU
		{F91C753C-6261-3EC8-DB46-1ACDDCD67F1A}.Debug|Any CPU.ActiveCfg = Debug|Any CPU
		{F91C753C-6261-3EC8-DB46-1ACDDCD67F1A}.Debug|Any CPU.Build.0 = Debug|Any CPU
		{F91C753C-6261-3EC8-DB46-1ACDDCD67F1A}.Release|Any CPU.ActiveCfg = Release|Any CPU
		{F91C753C-6261-3EC8-DB46-1ACDDCD67F1A}.Release|Any CPU.Build.0 = Release|Any CPU
		{8633AFC0-37F7-EC5D-DC5E-53DEB69E7464}.Debug|Any CPU.ActiveCfg = Debug|Any CPU
		{8633AFC0-37F7-EC5D-DC5E-53DEB69E7464}.Debug|Any CPU.Build.0 = Debug|Any CPU
		{8633AFC0-37F7-EC5D-DC5E-53DEB69E7464}.Release|Any CPU.ActiveCfg = Release|Any CPU
		{8633AFC0-37F7-EC5D-DC5E-53DEB69E7464}.Release|Any CPU.Build.0 = Release|Any CPU
		{F332F704-D488-D358-14C2-6EC9866EA4FB}.Debug|Any CPU.ActiveCfg = Debug|Any CPU
		{F332F704-D488-D358-14C2-6EC9866EA4FB}.Debug|Any CPU.Build.0 = Debug|Any CPU
		{F332F704-D488-D358-14C2-6EC9866EA4FB}.Release|Any CPU.ActiveCfg = Release|Any CPU
		{F332F704-D488-D358-14C2-6EC9866EA4FB}.Release|Any CPU.Build.0 = Release|Any CPU
		{C547F914-966A-7D69-43F5-B6055F4CB0DF}.Debug|Any CPU.ActiveCfg = Debug|Any CPU
		{C547F914-966A-7D69-43F5-B6055F4CB0DF}.Debug|Any CPU.Build.0 = Debug|Any CPU
		{C547F914-966A-7D69-43F5-B6055F4CB0DF}.Release|Any CPU.ActiveCfg = Release|Any CPU
		{C547F914-966A-7D69-43F5-B6055F4CB0DF}.Release|Any CPU.Build.0 = Release|Any CPU
		{CAF1CDF7-A2CD-81F5-10F8-07C2BE0E88E3}.Debug|Any CPU.ActiveCfg = Debug|Any CPU
		{CAF1CDF7-A2CD-81F5-10F8-07C2BE0E88E3}.Debug|Any CPU.Build.0 = Debug|Any CPU
		{CAF1CDF7-A2CD-81F5-10F8-07C2BE0E88E3}.Release|Any CPU.ActiveCfg = Release|Any CPU
		{CAF1CDF7-A2CD-81F5-10F8-07C2BE0E88E3}.Release|Any CPU.Build.0 = Release|Any CPU
		{FF2B736E-4091-4EF5-0096-28EA14B5B030}.Debug|Any CPU.ActiveCfg = Debug|Any CPU
		{FF2B736E-4091-4EF5-0096-28EA14B5B030}.Debug|Any CPU.Build.0 = Debug|Any CPU
		{FF2B736E-4091-4EF5-0096-28EA14B5B030}.Release|Any CPU.ActiveCfg = Release|Any CPU
		{FF2B736E-4091-4EF5-0096-28EA14B5B030}.Release|Any CPU.Build.0 = Release|Any CPU
		{11BF3588-EE3D-A61D-FE35-2DBA756373ED}.Debug|Any CPU.ActiveCfg = Debug|Any CPU
		{11BF3588-EE3D-A61D-FE35-2DBA756373ED}.Debug|Any CPU.Build.0 = Debug|Any CPU
		{11BF3588-EE3D-A61D-FE35-2DBA756373ED}.Release|Any CPU.ActiveCfg = Release|Any CPU
		{11BF3588-EE3D-A61D-FE35-2DBA756373ED}.Release|Any CPU.Build.0 = Release|Any CPU
		{4BF5D446-FDC4-E6C6-2637-D3CCDFE712F6}.Debug|Any CPU.ActiveCfg = Debug|Any CPU
		{4BF5D446-FDC4-E6C6-2637-D3CCDFE712F6}.Debug|Any CPU.Build.0 = Debug|Any CPU
		{4BF5D446-FDC4-E6C6-2637-D3CCDFE712F6}.Release|Any CPU.ActiveCfg = Release|Any CPU
		{4BF5D446-FDC4-E6C6-2637-D3CCDFE712F6}.Release|Any CPU.Build.0 = Release|Any CPU
		{73901B7C-BAF0-12A4-0B34-7021E7708652}.Debug|Any CPU.ActiveCfg = Debug|Any CPU
		{73901B7C-BAF0-12A4-0B34-7021E7708652}.Debug|Any CPU.Build.0 = Debug|Any CPU
		{73901B7C-BAF0-12A4-0B34-7021E7708652}.Release|Any CPU.ActiveCfg = Release|Any CPU
		{73901B7C-BAF0-12A4-0B34-7021E7708652}.Release|Any CPU.Build.0 = Release|Any CPU
		{E70F80BA-206E-1411-852C-719417198096}.Debug|Any CPU.ActiveCfg = Debug|Any CPU
		{E70F80BA-206E-1411-852C-719417198096}.Debug|Any CPU.Build.0 = Debug|Any CPU
		{E70F80BA-206E-1411-852C-719417198096}.Release|Any CPU.ActiveCfg = Release|Any CPU
		{E70F80BA-206E-1411-852C-719417198096}.Release|Any CPU.Build.0 = Release|Any CPU
		{2D5124ED-5475-80F7-76CF-8CCE9730F570}.Debug|Any CPU.ActiveCfg = Debug|Any CPU
		{2D5124ED-5475-80F7-76CF-8CCE9730F570}.Debug|Any CPU.Build.0 = Debug|Any CPU
		{2D5124ED-5475-80F7-76CF-8CCE9730F570}.Release|Any CPU.ActiveCfg = Release|Any CPU
		{2D5124ED-5475-80F7-76CF-8CCE9730F570}.Release|Any CPU.Build.0 = Release|Any CPU
		{3943540D-04B9-91A4-8955-DAEFD813F1DA}.Debug|Any CPU.ActiveCfg = Debug|Any CPU
		{3943540D-04B9-91A4-8955-DAEFD813F1DA}.Debug|Any CPU.Build.0 = Debug|Any CPU
		{3943540D-04B9-91A4-8955-DAEFD813F1DA}.Release|Any CPU.ActiveCfg = Release|Any CPU
		{3943540D-04B9-91A4-8955-DAEFD813F1DA}.Release|Any CPU.Build.0 = Release|Any CPU
		{1B91F950-1274-12B5-19B0-7625EF508DB1}.Debug|Any CPU.ActiveCfg = Debug|Any CPU
		{1B91F950-1274-12B5-19B0-7625EF508DB1}.Debug|Any CPU.Build.0 = Debug|Any CPU
		{1B91F950-1274-12B5-19B0-7625EF508DB1}.Release|Any CPU.ActiveCfg = Release|Any CPU
		{1B91F950-1274-12B5-19B0-7625EF508DB1}.Release|Any CPU.Build.0 = Release|Any CPU
	EndGlobalSection
	GlobalSection(SolutionProperties) = preSolution
		HideSolutionNode = FALSE
	EndGlobalSection
EndGlobal
