
Microsoft Visual Studio Solution File, Format Version 12.00
# Visual Studio 15
Project("{FAE04EC0-301F-11D3-BF4B-00C04F79EFBC}") = "Assembly-CSharp-firstpass", "Assembly-CSharp-firstpass.csproj", "{337DB624-7645-E4A9-5CC2-959DC248FA59}"
EndProject
Project("{FAE04EC0-301F-11D3-BF4B-00C04F79EFBC}") = "Assembly-CSharp", "Assembly-CSharp.csproj", "{FF937142-7027-7205-9177-D9FCB4E3205D}"
EndProject
Project("{FAE04EC0-301F-11D3-BF4B-00C04F79EFBC}") = "Assembly-CSharp-Editor-firstpass", "Assembly-CSharp-Editor-firstpass.csproj", "{2D5124ED-5475-80F7-76CF-8CCE9730F570}"
EndProject
Project("{FAE04EC0-301F-11D3-BF4B-00C04F79EFBC}") = "Assembly-CSharp-Editor", "Assembly-CSharp-Editor.csproj", "{73901B7C-BAF0-12A4-0B34-7021E7708652}"
EndProject
Global
	GlobalSection(SolutionConfigurationPlatforms) = preSolution
		Debug|Any CPU = Debug|Any CPU
		Release|Any CPU = Release|Any CPU
	EndGlobalSection
	GlobalSection(ProjectConfigurationPlatforms) = postSolution
		{337DB624-7645-E4A9-5CC2-959DC248FA59}.Debug|Any CPU.ActiveCfg = Debug|Any CPU
		{337DB624-7645-E4A9-5CC2-959DC248FA59}.Debug|Any CPU.Build.0 = Debug|Any CPU
		{337DB624-7645-E4A9-5CC2-959DC248FA59}.Release|Any CPU.ActiveCfg = Release|Any CPU
		{337DB624-7645-E4A9-5CC2-959DC248FA59}.Release|Any CPU.Build.0 = Release|Any CPU
		{FF937142-7027-7205-9177-D9FCB4E3205D}.Debug|Any CPU.ActiveCfg = Debug|Any CPU
		{FF937142-7027-7205-9177-D9FCB4E3205D}.Debug|Any CPU.Build.0 = Debug|Any CPU
		{FF937142-7027-7205-9177-D9FCB4E3205D}.Release|Any CPU.ActiveCfg = Release|Any CPU
		{FF937142-7027-7205-9177-D9FCB4E3205D}.Release|Any CPU.Build.0 = Release|Any CPU
		{2D5124ED-5475-80F7-76CF-8CCE9730F570}.Debug|Any CPU.ActiveCfg = Debug|Any CPU
		{2D5124ED-5475-80F7-76CF-8CCE9730F570}.Debug|Any CPU.Build.0 = Debug|Any CPU
		{2D5124ED-5475-80F7-76CF-8CCE9730F570}.Release|Any CPU.ActiveCfg = Release|Any CPU
		{2D5124ED-5475-80F7-76CF-8CCE9730F570}.Release|Any CPU.Build.0 = Release|Any CPU
		{73901B7C-BAF0-12A4-0B34-7021E7708652}.Debug|Any CPU.ActiveCfg = Debug|Any CPU
		{73901B7C-BAF0-12A4-0B34-7021E7708652}.Debug|Any CPU.Build.0 = Debug|Any CPU
		{73901B7C-BAF0-12A4-0B34-7021E7708652}.Release|Any CPU.ActiveCfg = Release|Any CPU
		{73901B7C-BAF0-12A4-0B34-7021E7708652}.Release|Any CPU.Build.0 = Release|Any CPU
	EndGlobalSection
	GlobalSection(SolutionProperties) = preSolution
		HideSolutionNode = FALSE
	EndGlobalSection
EndGlobal
